
Microsoft Visual Studio Solution File, Format Version 12.00
# Visual Studio Version 16
VisualStudioVersion = 16.0.30517.126
MinimumVisualStudioVersion = 10.0.40219.1
Project("{FAE04EC0-301F-11D3-BF4B-00C04F79EFBC}") = "EmployeeSalaryASPProject", "EmployeeSalaryASPProject\EmployeeSalaryASPProject.csproj", "{0D41D243-0E84-408D-AEC8-5B4A6624D62D}"
EndProject
Global
	GlobalSection(SolutionConfigurationPlatforms) = preSolution
		Debug|Any CPU = Debug|Any CPU
		Release|Any CPU = Release|Any CPU
	EndGlobalSection
	GlobalSection(ProjectConfigurationPlatforms) = postSolution
		{0D41D243-0E84-408D-AEC8-5B4A6624D62D}.Debug|Any CPU.ActiveCfg = Debug|Any CPU
		{0D41D243-0E84-408D-AEC8-5B4A6624D62D}.Debug|Any CPU.Build.0 = Debug|Any CPU
		{0D41D243-0E84-408D-AEC8-5B4A6624D62D}.Release|Any CPU.ActiveCfg = Release|Any CPU
		{0D41D243-0E84-408D-AEC8-5B4A6624D62D}.Release|Any CPU.Build.0 = Release|Any CPU
	EndGlobalSection
	GlobalSection(SolutionProperties) = preSolution
		HideSolutionNode = FALSE
	EndGlobalSection
	GlobalSection(ExtensibilityGlobals) = postSolution
		SolutionGuid = {68BBF0B4-F3B4-4AC7-A9A2-56FE84F3709C}
	EndGlobalSection
EndGlobal
